
Microsoft Visual Studio Solution File, Format Version 12.00
# Visual Studio Version 17
VisualStudioVersion = 17.0.32126.317
MinimumVisualStudioVersion = 10.0.40219.1
Project("{FAE04EC0-301F-11D3-BF4B-00C04F79EFBC}") = "WinFormsApp1", "WinFormsApp1\WinFormsApp1.csproj", "{A6431B30-BB40-4828-AE08-C0E2D8768F8B}"
EndProject
Global
	GlobalSection(SolutionConfigurationPlatforms) = preSolution
		Debug|Any CPU = Debug|Any CPU
		Release|Any CPU = Release|Any CPU
	EndGlobalSection
	GlobalSection(ProjectConfigurationPlatforms) = postSolution
		{A6431B30-BB40-4828-AE08-C0E2D8768F8B}.Debug|Any CPU.ActiveCfg = Debug|Any CPU
		{A6431B30-BB40-4828-AE08-C0E2D8768F8B}.Debug|Any CPU.Build.0 = Debug|Any CPU
		{A6431B30-BB40-4828-AE08-C0E2D8768F8B}.Release|Any CPU.ActiveCfg = Release|Any CPU
		{A6431B30-BB40-4828-AE08-C0E2D8768F8B}.Release|Any CPU.Build.0 = Release|Any CPU
	EndGlobalSection
	GlobalSection(SolutionProperties) = preSolution
		HideSolutionNode = FALSE
	EndGlobalSection
	GlobalSection(ExtensibilityGlobals) = postSolution
		SolutionGuid = {6AF06E69-EF1C-4931-8B63-24DBCEBE6544}
	EndGlobalSection
EndGlobal
